
Microsoft Visual Studio Solution File, Format Version 12.00
# Visual Studio Version 17
VisualStudioVersion = 17.5.33414.496
MinimumVisualStudioVersion = 10.0.40219.1
Project("{FAE04EC0-301F-11D3-BF4B-00C04F79EFBC}") = "Atv9", "Atv9\Atv9.csproj", "{7377ADC0-5813-4F72-9F82-A6BE8866931F}"
EndProject
Global
	GlobalSection(SolutionConfigurationPlatforms) = preSolution
		Debug|Any CPU = Debug|Any CPU
		Release|Any CPU = Release|Any CPU
	EndGlobalSection
	GlobalSection(ProjectConfigurationPlatforms) = postSolution
		{7377ADC0-5813-4F72-9F82-A6BE8866931F}.Debug|Any CPU.ActiveCfg = Debug|Any CPU
		{7377ADC0-5813-4F72-9F82-A6BE8866931F}.Debug|Any CPU.Build.0 = Debug|Any CPU
		{7377ADC0-5813-4F72-9F82-A6BE8866931F}.Release|Any CPU.ActiveCfg = Release|Any CPU
		{7377ADC0-5813-4F72-9F82-A6BE8866931F}.Release|Any CPU.Build.0 = Release|Any CPU
	EndGlobalSection
	GlobalSection(SolutionProperties) = preSolution
		HideSolutionNode = FALSE
	EndGlobalSection
	GlobalSection(ExtensibilityGlobals) = postSolution
		SolutionGuid = {48B2DC50-F051-4E6F-9B81-7E29788EDE78}
	EndGlobalSection
EndGlobal
